
Microsoft Visual Studio Solution File, Format Version 12.00
# Visual Studio 15
VisualStudioVersion = 15.0.28010.2048
MinimumVisualStudioVersion = 10.0.40219.1
Project("{FAE04EC0-301F-11D3-BF4B-00C04F79EFBC}") = "WindowsFormsDevice", "WindowsFormsDevice\WindowsFormsDevice.csproj", "{63CCF4AB-B7D3-407C-A200-AAFD226508D4}"
EndProject
Project("{FAE04EC0-301F-11D3-BF4B-00C04F79EFBC}") = "RenderCore", "RenderCore\RenderCore.csproj", "{58CC6FF0-08F0-4162-B51C-2365B94FC3F7}"
EndProject
Project("{FAE04EC0-301F-11D3-BF4B-00C04F79EFBC}") = "WindowsConsoleDevice", "WindowsConsoleDevice\WindowsConsoleDevice.csproj", "{00C4542C-838A-4AB2-8AD8-2AA6A6DB6189}"
EndProject
Global
	GlobalSection(SolutionConfigurationPlatforms) = preSolution
		Debug|Any CPU = Debug|Any CPU
		Release|Any CPU = Release|Any CPU
	EndGlobalSection
	GlobalSection(ProjectConfigurationPlatforms) = postSolution
		{63CCF4AB-B7D3-407C-A200-AAFD226508D4}.Debug|Any CPU.ActiveCfg = Debug|Any CPU
		{63CCF4AB-B7D3-407C-A200-AAFD226508D4}.Debug|Any CPU.Build.0 = Debug|Any CPU
		{63CCF4AB-B7D3-407C-A200-AAFD226508D4}.Release|Any CPU.ActiveCfg = Release|Any CPU
		{63CCF4AB-B7D3-407C-A200-AAFD226508D4}.Release|Any CPU.Build.0 = Release|Any CPU
		{58CC6FF0-08F0-4162-B51C-2365B94FC3F7}.Debug|Any CPU.ActiveCfg = Debug|Any CPU
		{58CC6FF0-08F0-4162-B51C-2365B94FC3F7}.Debug|Any CPU.Build.0 = Debug|Any CPU
		{58CC6FF0-08F0-4162-B51C-2365B94FC3F7}.Release|Any CPU.ActiveCfg = Release|Any CPU
		{58CC6FF0-08F0-4162-B51C-2365B94FC3F7}.Release|Any CPU.Build.0 = Release|Any CPU
		{00C4542C-838A-4AB2-8AD8-2AA6A6DB6189}.Debug|Any CPU.ActiveCfg = Debug|Any CPU
		{00C4542C-838A-4AB2-8AD8-2AA6A6DB6189}.Debug|Any CPU.Build.0 = Debug|Any CPU
		{00C4542C-838A-4AB2-8AD8-2AA6A6DB6189}.Release|Any CPU.ActiveCfg = Release|Any CPU
		{00C4542C-838A-4AB2-8AD8-2AA6A6DB6189}.Release|Any CPU.Build.0 = Release|Any CPU
	EndGlobalSection
	GlobalSection(SolutionProperties) = preSolution
		HideSolutionNode = FALSE
	EndGlobalSection
	GlobalSection(ExtensibilityGlobals) = postSolution
		SolutionGuid = {7BD2F5AE-EF36-4F1E-A2BA-65CF2B25F776}
	EndGlobalSection
EndGlobal
